{
  "name": "local-dep-only",
  "lockfileVersion": 3,
  "requires": true,
  "packages": {
    "": {
      "name": "local-dep-only",
      "dependencies": {
        "single-no-deps": "file:../single-no-deps"
      }
    },
    "../single-no-deps": {
      "bin": {
        "single-no-deps": "index.js"
      }
    },
    "node_modules/single-no-deps": {
      "resolved": "../single-no-deps",
      "link": true
    }
  }
}
