{
  "name": "local-nested-deps",
  "lockfileVersion": 3,
  "requires": true,
  "packages": {
    "": {
      "name": "local-nested-deps",
      "dependencies": {
        "local-dependency": "file:../local-dependency",
        "single-no-deps": "file:../single-no-deps"
      }
    },
    "../local-dependency": {
      "dependencies": {
        "single-no-deps": "file:../single-no-deps"
      }
    },
    "../single-no-deps": {},
    "node_modules/local-dependency": {
      "resolved": "../local-dependency",
      "link": true
    },
    "node_modules/single-no-deps": {
      "resolved": "../single-no-deps",
      "link": true
    }
  }
}
