{
  "name": "local-dep-with-ext",
  "lockfileVersion": 3,
  "requires": true,
  "packages": {
    "": {
      "name": "local-dep-with-ext",
      "dependencies": {
        "external-deps": "file:../external-deps"
      },
      "bin": {
        "local-dep-with-ext": "index.js"
      }
    },
    "../external-deps": {
      "dependencies": {
        "bencode": "^4.0.0"
      },
      "bin": {
        "external-deps": "index.js"
      }
    },
    "node_modules/external-deps": {
      "resolved": "../external-deps",
      "link": true
    }
  }
}
